{
  "version": 4,
  "terraform_version": "1.6.4",
  "serial": 460,
  "lineage": "797b2376-f8c9-9d5a-0b2b-a2ec1f15023b",
  "outputs": {
    "dns": {
      "value": {
        "compartment_id": "ocid1.compartment.oc1..aaaaaaaanfutlss2ndwqusftp5yz3g2oaxgf3zvbzsbxc2n4a5aq3nrlynsa",
        "domain": "rancher.ronsal.com.br",
        "id": "DnsRrsetDataSource-4236008041",
        "items": [],
        "rtype": "A",
        "scope": null,
        "view_id": null,
        "zone_name_or_id": "ocid1.dns-zone.oc1..aaaaaaaalglnlvvuizbyt22ir2wbrsx37w2zdktwdzymixn7gzjptbelwnja",
        "zone_version": null
      },
      "type": [
        "object",
        {
          "compartment_id": "string",
          "domain": "string",
          "id": "string",
          "items": [
            "list",
            [
              "object",
              {
                "domain": "string",
                "is_protected": "bool",
                "rdata": "string",
                "record_hash": "string",
                "rrset_version": "string",
                "rtype": "string",
                "ttl": "number"
              }
            ]
          ],
          "rtype": "string",
          "scope": "string",
          "view_id": "string",
          "zone_name_or_id": "string",
          "zone_version": "string"
        }
      ]
    },
    "instance-OCID": {
      "value": [
        "ocid1.instance.oc1.sa-saopaulo-1.antxeljrywwesnacslat3xvmclul3ptnaud537673gbaaxtgbcnoigfdebrq",
        "ocid1.instance.oc1.sa-saopaulo-1.antxeljrywwesnackfn2qanfd2z5ri6owtjuohxdgkbhyrq4ebwap4r7h4da",
        "ocid1.instance.oc1.sa-saopaulo-1.antxeljrywwesnacdakmdmneecvmjlsab5yxokirqbgiw7ae2hejmviat3ra"
      ],
      "type": [
        "tuple",
        [
          "string",
          "string",
          "string"
        ]
      ]
    },
    "instance-name": {
      "value": [
        "rancher-server",
        "k8s-1",
        "k8s-2"
      ],
      "type": [
        "tuple",
        [
          "string",
          "string",
          "string"
        ]
      ]
    },
    "instance-region": {
      "value": [
        "sa-saopaulo-1",
        "sa-saopaulo-1",
        "sa-saopaulo-1"
      ],
      "type": [
        "tuple",
        [
          "string",
          "string",
          "string"
        ]
      ]
    },
    "instance-shape": {
      "value": [
        "VM.Standard.E3.Flex",
        "VM.Standard.E3.Flex",
        "VM.Standard.E3.Flex"
      ],
      "type": [
        "tuple",
        [
          "string",
          "string",
          "string"
        ]
      ]
    },
    "instance-state": {
      "value": [
        "RUNNING",
        "RUNNING",
        "RUNNING"
      ],
      "type": [
        "tuple",
        [
          "string",
          "string",
          "string"
        ]
      ]
    },
    "instances_summary": {
      "value": [
        "rancher-server      Primary-PublicIP: 129.159.62.221      Primary-PrivateIP: 10.0.0.247      Memory: 8      OCPU: 4",
        "k8s-1      Primary-PublicIP: 150.230.66.192      Primary-PrivateIP: 10.0.0.163      Memory: 8      OCPU: 4",
        "k8s-2      Primary-PublicIP: 140.238.190.131      Primary-PrivateIP: 10.0.0.26      Memory: 8      OCPU: 4"
      ],
      "type": [
        "tuple",
        [
          "string",
          "string",
          "string"
        ]
      ]
    },
    "public-ip-for-compute-instance": {
      "value": [
        "129.159.62.221",
        "150.230.66.192",
        "140.238.190.131"
      ],
      "type": [
        "tuple",
        [
          "string",
          "string",
          "string"
        ]
      ]
    },
    "time-created": {
      "value": [
        "2023-11-24 23:12:57.224 +0000 UTC",
        "2023-11-24 23:12:56.952 +0000 UTC",
        "2023-11-24 23:12:57.005 +0000 UTC"
      ],
      "type": [
        "tuple",
        [
          "string",
          "string",
          "string"
        ]
      ]
    }
  },
  "resources": [
    {
      "mode": "data",
      "type": "oci_dns_rrset",
      "name": "dns",
      "provider": "provider[\"registry.terraform.io/hashicorp/oci\"]",
      "instances": [
        {
          "schema_version": 0,
          "attributes": {
            "compartment_id": "ocid1.compartment.oc1..aaaaaaaanfutlss2ndwqusftp5yz3g2oaxgf3zvbzsbxc2n4a5aq3nrlynsa",
            "domain": "rancher.ronsal.com.br",
            "id": "DnsRrsetDataSource-4236008041",
            "items": [],
            "rtype": "A",
            "scope": null,
            "view_id": null,
            "zone_name_or_id": "ocid1.dns-zone.oc1..aaaaaaaalglnlvvuizbyt22ir2wbrsx37w2zdktwdzymixn7gzjptbelwnja",
            "zone_version": null
          },
          "sensitive_attributes": []
        }
      ]
    },
    {
      "mode": "data",
      "type": "oci_identity_availability_domains",
      "name": "ads",
      "provider": "provider[\"registry.terraform.io/hashicorp/oci\"]",
      "instances": [
        {
          "schema_version": 0,
          "attributes": {
            "availability_domains": [
              {
                "compartment_id": "ocid1.tenancy.oc1..aaaaaaaa6dbrwy2numyb7mh44ddpvczygscf7lv4i3f7gfqg27hzq6z6ty3a",
                "id": "ocid1.availabilitydomain.oc1..aaaaaaaay5nesbty7quxigdwtp7axotkcglzi43jvfrnwvbv4dgjerqwxf5a",
                "name": "otyN:SA-SAOPAULO-1-AD-1"
              }
            ],
            "compartment_id": "ocid1.tenancy.oc1..aaaaaaaa6dbrwy2numyb7mh44ddpvczygscf7lv4i3f7gfqg27hzq6z6ty3a",
            "filter": null,
            "id": "IdentityAvailabilityDomainsDataSource-3205544386"
          },
          "sensitive_attributes": []
        }
      ]
    },
    {
      "mode": "data",
      "type": "template_file",
      "name": "cloud-config",
      "provider": "provider[\"registry.terraform.io/hashicorp/template\"]",
      "instances": [
        {
          "schema_version": 0,
          "attributes": {
            "filename": null,
            "id": "010643647af02f9543f41d2fdaa9e45c8eaa804c254400ab843124978587a4a3",
            "rendered": "#cloud-config\n\nwrite_files:\n  -   path: /home/ubuntu/setup.sh\n      permissions: \"0777\"\n      encoding: b64\n      content: IyEvYmluL2Jhc2gKc2xlZXAgMTgwCnN1ZG8gYXB0IGluc3RhbGwgbmV0LXRvb2xzCnN1ZG8gY3VybCBodHRwczovL3JlbGVhc2VzLnJhbmNoZXIuY29tL2luc3RhbGwtZG9ja2VyLzIwLjEwLnNoIHwgc2gKc3VkbyB1c2VybW9kIC1hRyBkb2NrZXIgdWJ1bnR1CnN1ZG8gc2VkIC1pIC1lICckYW5ldC5icmlkZ2UuYnJpZGdlLW5mLWNhbGwtaXB0YWJsZXM9MScgL2V0Yy9zeXNjdGwuY29uZgpzdWRvIHN5c2N0bCAtcCAvZXRjL3N5c2N0bC5jb25mCnN1ZG8gaXB0YWJsZXMgLVAgSU5QVVQgQUNDRVBUCnN1ZG8gaXB0YWJsZXMgLVAgT1VUUFVUIEFDQ0VQVApzdWRvIGlwdGFibGVzIC1QIEZPUldBUkQgQUNDRVBUCnN1ZG8gaXB0YWJsZXMgLUYKaWYgWyAkKGhvc3RuYW1lKSA9PSAicmFuY2hlci1zZXJ2ZXIiIF0KdGhlbgogIHN1ZG8gZG9ja2VyIHJ1biAtZCAtLXJlc3RhcnQ9dW5sZXNzLXN0b3BwZWQgLXAgODA6ODAgLXAgNDQzOjQ0MyAtdiAvb3B0L3JhbmNoZXI6L3Zhci9saWIvcmFuY2hlciAtLXByaXZpbGVnZWQgcmFuY2hlci9yYW5jaGVyOmxhdGVzdApmaQpzdWRvIHJtIC1yZiAvaG9tZS91YnVudHUvc2V0dXAuc2g=\n\nruncmd:\n - bash ./home/ubuntu/setup.sh\n",
            "template": "#cloud-config\n\nwrite_files:\n  -   path: /home/ubuntu/setup.sh\n      permissions: \"0777\"\n      encoding: b64\n      content: ${setup}\n\nruncmd:\n - bash ./home/ubuntu/setup.sh\n",
            "vars": {
              "setup": "IyEvYmluL2Jhc2gKc2xlZXAgMTgwCnN1ZG8gYXB0IGluc3RhbGwgbmV0LXRvb2xzCnN1ZG8gY3VybCBodHRwczovL3JlbGVhc2VzLnJhbmNoZXIuY29tL2luc3RhbGwtZG9ja2VyLzIwLjEwLnNoIHwgc2gKc3VkbyB1c2VybW9kIC1hRyBkb2NrZXIgdWJ1bnR1CnN1ZG8gc2VkIC1pIC1lICckYW5ldC5icmlkZ2UuYnJpZGdlLW5mLWNhbGwtaXB0YWJsZXM9MScgL2V0Yy9zeXNjdGwuY29uZgpzdWRvIHN5c2N0bCAtcCAvZXRjL3N5c2N0bC5jb25mCnN1ZG8gaXB0YWJsZXMgLVAgSU5QVVQgQUNDRVBUCnN1ZG8gaXB0YWJsZXMgLVAgT1VUUFVUIEFDQ0VQVApzdWRvIGlwdGFibGVzIC1QIEZPUldBUkQgQUNDRVBUCnN1ZG8gaXB0YWJsZXMgLUYKaWYgWyAkKGhvc3RuYW1lKSA9PSAicmFuY2hlci1zZXJ2ZXIiIF0KdGhlbgogIHN1ZG8gZG9ja2VyIHJ1biAtZCAtLXJlc3RhcnQ9dW5sZXNzLXN0b3BwZWQgLXAgODA6ODAgLXAgNDQzOjQ0MyAtdiAvb3B0L3JhbmNoZXI6L3Zhci9saWIvcmFuY2hlciAtLXByaXZpbGVnZWQgcmFuY2hlci9yYW5jaGVyOmxhdGVzdApmaQpzdWRvIHJtIC1yZiAvaG9tZS91YnVudHUvc2V0dXAuc2g="
            }
          },
          "sensitive_attributes": []
        }
      ]
    },
    {
      "mode": "managed",
      "type": "oci_core_instance",
      "name": "ubuntu_instance",
      "provider": "provider[\"registry.terraform.io/hashicorp/oci\"]",
      "instances": [
        {
          "index_key": 0,
          "schema_version": 0,
          "attributes": {
            "agent_config": [
              {
                "are_all_plugins_disabled": false,
                "is_management_disabled": false,
                "is_monitoring_disabled": false,
                "plugins_config": []
              }
            ],
            "async": null,
            "availability_config": [
              {
                "is_live_migration_preferred": false,
                "recovery_action": "RESTORE_INSTANCE"
              }
            ],
            "availability_domain": "otyN:SA-SAOPAULO-1-AD-1",
            "boot_volume_id": "ocid1.bootvolume.oc1.sa-saopaulo-1.abtxeljrjwpshek6eg2libd6wmqpsu6uyfim2uz7bq5rkdq75owo65kwfagq",
            "capacity_reservation_id": null,
            "compartment_id": "ocid1.compartment.oc1..aaaaaaaanfutlss2ndwqusftp5yz3g2oaxgf3zvbzsbxc2n4a5aq3nrlynsa",
            "compute_cluster_id": null,
            "create_vnic_details": [
              {
                "assign_ipv6ip": false,
                "assign_private_dns_record": false,
                "assign_public_ip": "true",
                "defined_tags": {
                  "Oracle-Tags.CreatedBy": "default/leandrolsnr@gmail.com",
                  "Oracle-Tags.CreatedOn": "2023-11-24T23:12:56.671Z"
                },
                "display_name": "rancher-server",
                "freeform_tags": {},
                "hostname_label": "rancher-server",
                "ipv6address_ipv6subnet_cidr_pair_details": [],
                "nsg_ids": [],
                "private_ip": "10.0.0.247",
                "skip_source_dest_check": false,
                "subnet_id": "ocid1.subnet.oc1.sa-saopaulo-1.aaaaaaaamtlphhnbskdgzrusk5af4agz4htyfdxdhrdwi2co4cctmhbbnhpa",
                "vlan_id": ""
              }
            ],
            "dedicated_vm_host_id": null,
            "defined_tags": {
              "Oracle-Tags.CreatedBy": "default/leandrolsnr@gmail.com",
              "Oracle-Tags.CreatedOn": "2023-11-24T23:12:56.569Z"
            },
            "display_name": "rancher-server",
            "extended_metadata": {},
            "fault_domain": "FAULT-DOMAIN-2",
            "freeform_tags": {},
            "hostname_label": "rancher-server",
            "id": "ocid1.instance.oc1.sa-saopaulo-1.antxeljrywwesnacslat3xvmclul3ptnaud537673gbaaxtgbcnoigfdebrq",
            "image": "ocid1.image.oc1.sa-saopaulo-1.aaaaaaaaaqqu7h5rkavka5z2343l64qdfp445c6wyfbmvrphmoy4377xa4aa",
            "instance_configuration_id": null,
            "instance_options": [
              {
                "are_legacy_imds_endpoints_disabled": false
              }
            ],
            "ipxe_script": null,
            "is_cross_numa_node": false,
            "is_pv_encryption_in_transit_enabled": null,
            "launch_mode": "PARAVIRTUALIZED",
            "launch_options": [
              {
                "boot_volume_type": "PARAVIRTUALIZED",
                "firmware": "UEFI_64",
                "is_consistent_volume_naming_enabled": true,
                "is_pv_encryption_in_transit_enabled": false,
                "network_type": "PARAVIRTUALIZED",
                "remote_data_volume_type": "PARAVIRTUALIZED"
              }
            ],
            "metadata": {
              "ssh_authorized_keys": "ssh-rsa AAAAB3NzaC1yc2EAAAADAQABAAABgQCmMRGj3f+fwqjkkw2kfC9WC/clfC8oJkdPOOfU055Q6HmMrYRCZ77MRS6NoLjnon2RvA9MXebCko8hBuX1/75LN3CnXesqysuHjcwg8Ee5rMHopORX6ikx/XanNCRx1rLM1Gx7eD5TqIg5PyxIGDmJZqIqkFHhnZk5nPpnOZJXhhX4QAfZnpPiIo3XHWeC3YwUzeC+PFAU3fD0Rznttua930dXzm6bI3ft7SjBtD5xqWv3pgzAy3/6yzNMsjA2KPOM9UHHVUwUEbO13HRBOrqZdvCQG106gjYrRtvir0Q86PlpxhZhUbpS/oUISJnlXzYhT6HXSoew9j/dn7DDUxNzw6sa5moUKLIbkTBAxNjOKbJho1NIlqoSXio4SZqN5LoNA0z5ALsVdPliPd0ZYpMHw/QvgkS+BZtgUa5w19Max3oove8i26zCyxBaBVfQk4XKVt/kjrEo7Dwt+ukw62YJp1LcovkuYyzLOxCfBBrSCHNfQ7APoYW3QfENzyP7aTk= .ronsal@Leandros-iMac-Pro.local\n",
              "user_data": "I2Nsb3VkLWNvbmZpZwoKd3JpdGVfZmlsZXM6CiAgLSAgIHBhdGg6IC9ob21lL3VidW50dS9zZXR1cC5zaAogICAgICBwZXJtaXNzaW9uczogIjA3NzciCiAgICAgIGVuY29kaW5nOiBiNjQKICAgICAgY29udGVudDogSXlFdlltbHVMMkpoYzJnS2MyeGxaWEFnTVRnd0NuTjFaRzhnWVhCMElHbHVjM1JoYkd3Z2JtVjBMWFJ2YjJ4ekNuTjFaRzhnWTNWeWJDQm9kSFJ3Y3pvdkwzSmxiR1ZoYzJWekxuSmhibU5vWlhJdVkyOXRMMmx1YzNSaGJHd3RaRzlqYTJWeUx6SXdMakV3TG5Ob0lId2djMmdLYzNWa2J5QjFjMlZ5Ylc5a0lDMWhSeUJrYjJOclpYSWdkV0oxYm5SMUNuTjFaRzhnYzJWa0lDMXBJQzFsSUNja1lXNWxkQzVpY21sa1oyVXVZbkpwWkdkbExXNW1MV05oYkd3dGFYQjBZV0pzWlhNOU1TY2dMMlYwWXk5emVYTmpkR3d1WTI5dVpncHpkV1J2SUhONWMyTjBiQ0F0Y0NBdlpYUmpMM041YzJOMGJDNWpiMjVtQ25OMVpHOGdhWEIwWVdKc1pYTWdMVkFnU1U1UVZWUWdRVU5EUlZCVUNuTjFaRzhnYVhCMFlXSnNaWE1nTFZBZ1QxVlVVRlZVSUVGRFEwVlFWQXB6ZFdSdklHbHdkR0ZpYkdWeklDMVFJRVpQVWxkQlVrUWdRVU5EUlZCVUNuTjFaRzhnYVhCMFlXSnNaWE1nTFVZS2FXWWdXeUFrS0dodmMzUnVZVzFsS1NBOVBTQWljbUZ1WTJobGNpMXpaWEoyWlhJaUlGMEtkR2hsYmdvZ0lITjFaRzhnWkc5amEyVnlJSEoxYmlBdFpDQXRMWEpsYzNSaGNuUTlkVzVzWlhOekxYTjBiM0J3WldRZ0xYQWdPREE2T0RBZ0xYQWdORFF6T2pRME15QXRkaUF2YjNCMEwzSmhibU5vWlhJNkwzWmhjaTlzYVdJdmNtRnVZMmhsY2lBdExYQnlhWFpwYkdWblpXUWdjbUZ1WTJobGNpOXlZVzVqYUdWeU9teGhkR1Z6ZEFwbWFRcHpkV1J2SUhKdElDMXlaaUF2YUc5dFpTOTFZblZ1ZEhVdmMyVjBkWEF1YzJnPQoKcnVuY21kOgogLSBiYXNoIC4vaG9tZS91YnVudHUvc2V0dXAuc2gK"
            },
            "platform_config": [],
            "preemptible_instance_config": [],
            "preserve_boot_volume": false,
            "private_ip": "10.0.0.247",
            "public_ip": "129.159.62.221",
            "region": "sa-saopaulo-1",
            "shape": "VM.Standard.E3.Flex",
            "shape_config": [
              {
                "baseline_ocpu_utilization": "",
                "gpu_description": "",
                "gpus": 0,
                "local_disk_description": "",
                "local_disks": 0,
                "local_disks_total_size_in_gbs": 0,
                "max_vnic_attachments": 4,
                "memory_in_gbs": 8,
                "networking_bandwidth_in_gbps": 4,
                "nvmes": 0,
                "ocpus": 4,
                "processor_description": "2.25 GHz AMD EPYC™ 7742 (Rome)",
                "vcpus": 8
              }
            ],
            "source_details": [
              {
                "boot_volume_size_in_gbs": "50",
                "boot_volume_vpus_per_gb": "10",
                "instance_source_image_filter_details": [],
                "kms_key_id": "",
                "source_id": "ocid1.image.oc1.sa-saopaulo-1.aaaaaaaaaqqu7h5rkavka5z2343l64qdfp445c6wyfbmvrphmoy4377xa4aa",
                "source_type": "image"
              }
            ],
            "state": "RUNNING",
            "subnet_id": "ocid1.subnet.oc1.sa-saopaulo-1.aaaaaaaamtlphhnbskdgzrusk5af4agz4htyfdxdhrdwi2co4cctmhbbnhpa",
            "system_tags": {},
            "time_created": "2023-11-24 23:12:57.224 +0000 UTC",
            "time_maintenance_reboot_due": "",
            "timeouts": null,
            "update_operation_constraint": null
          },
          "sensitive_attributes": [],
          "private": "eyJlMmJmYjczMC1lY2FhLTExZTYtOGY4OC0zNDM2M2JjN2M0YzAiOnsiY3JlYXRlIjoyNzAwMDAwMDAwMDAwLCJkZWxldGUiOjQ1MDAwMDAwMDAwMDAsInVwZGF0ZSI6MjcwMDAwMDAwMDAwMH19",
          "dependencies": [
            "data.oci_identity_availability_domains.ads",
            "data.template_file.cloud-config"
          ]
        },
        {
          "index_key": 1,
          "schema_version": 0,
          "attributes": {
            "agent_config": [
              {
                "are_all_plugins_disabled": false,
                "is_management_disabled": false,
                "is_monitoring_disabled": false,
                "plugins_config": []
              }
            ],
            "async": null,
            "availability_config": [
              {
                "is_live_migration_preferred": false,
                "recovery_action": "RESTORE_INSTANCE"
              }
            ],
            "availability_domain": "otyN:SA-SAOPAULO-1-AD-1",
            "boot_volume_id": "ocid1.bootvolume.oc1.sa-saopaulo-1.abtxeljr4kmzivxramolud2efof7a4rtxkt6nwh7rxdfttbstltguv2icm5a",
            "capacity_reservation_id": null,
            "compartment_id": "ocid1.compartment.oc1..aaaaaaaanfutlss2ndwqusftp5yz3g2oaxgf3zvbzsbxc2n4a5aq3nrlynsa",
            "compute_cluster_id": null,
            "create_vnic_details": [
              {
                "assign_ipv6ip": false,
                "assign_private_dns_record": false,
                "assign_public_ip": "true",
                "defined_tags": {
                  "Oracle-Tags.CreatedBy": "default/leandrolsnr@gmail.com",
                  "Oracle-Tags.CreatedOn": "2023-11-24T23:12:56.664Z"
                },
                "display_name": "k8s-1",
                "freeform_tags": {},
                "hostname_label": "k8s-1",
                "ipv6address_ipv6subnet_cidr_pair_details": [],
                "nsg_ids": [],
                "private_ip": "10.0.0.163",
                "skip_source_dest_check": false,
                "subnet_id": "ocid1.subnet.oc1.sa-saopaulo-1.aaaaaaaamtlphhnbskdgzrusk5af4agz4htyfdxdhrdwi2co4cctmhbbnhpa",
                "vlan_id": ""
              }
            ],
            "dedicated_vm_host_id": null,
            "defined_tags": {
              "Oracle-Tags.CreatedBy": "default/leandrolsnr@gmail.com",
              "Oracle-Tags.CreatedOn": "2023-11-24T23:12:56.538Z"
            },
            "display_name": "k8s-1",
            "extended_metadata": {},
            "fault_domain": "FAULT-DOMAIN-2",
            "freeform_tags": {},
            "hostname_label": "k8s-1",
            "id": "ocid1.instance.oc1.sa-saopaulo-1.antxeljrywwesnackfn2qanfd2z5ri6owtjuohxdgkbhyrq4ebwap4r7h4da",
            "image": "ocid1.image.oc1.sa-saopaulo-1.aaaaaaaaaqqu7h5rkavka5z2343l64qdfp445c6wyfbmvrphmoy4377xa4aa",
            "instance_configuration_id": null,
            "instance_options": [
              {
                "are_legacy_imds_endpoints_disabled": false
              }
            ],
            "ipxe_script": null,
            "is_cross_numa_node": false,
            "is_pv_encryption_in_transit_enabled": null,
            "launch_mode": "PARAVIRTUALIZED",
            "launch_options": [
              {
                "boot_volume_type": "PARAVIRTUALIZED",
                "firmware": "UEFI_64",
                "is_consistent_volume_naming_enabled": true,
                "is_pv_encryption_in_transit_enabled": false,
                "network_type": "PARAVIRTUALIZED",
                "remote_data_volume_type": "PARAVIRTUALIZED"
              }
            ],
            "metadata": {
              "ssh_authorized_keys": "ssh-rsa AAAAB3NzaC1yc2EAAAADAQABAAABgQCmMRGj3f+fwqjkkw2kfC9WC/clfC8oJkdPOOfU055Q6HmMrYRCZ77MRS6NoLjnon2RvA9MXebCko8hBuX1/75LN3CnXesqysuHjcwg8Ee5rMHopORX6ikx/XanNCRx1rLM1Gx7eD5TqIg5PyxIGDmJZqIqkFHhnZk5nPpnOZJXhhX4QAfZnpPiIo3XHWeC3YwUzeC+PFAU3fD0Rznttua930dXzm6bI3ft7SjBtD5xqWv3pgzAy3/6yzNMsjA2KPOM9UHHVUwUEbO13HRBOrqZdvCQG106gjYrRtvir0Q86PlpxhZhUbpS/oUISJnlXzYhT6HXSoew9j/dn7DDUxNzw6sa5moUKLIbkTBAxNjOKbJho1NIlqoSXio4SZqN5LoNA0z5ALsVdPliPd0ZYpMHw/QvgkS+BZtgUa5w19Max3oove8i26zCyxBaBVfQk4XKVt/kjrEo7Dwt+ukw62YJp1LcovkuYyzLOxCfBBrSCHNfQ7APoYW3QfENzyP7aTk= .ronsal@Leandros-iMac-Pro.local\n",
              "user_data": "I2Nsb3VkLWNvbmZpZwoKd3JpdGVfZmlsZXM6CiAgLSAgIHBhdGg6IC9ob21lL3VidW50dS9zZXR1cC5zaAogICAgICBwZXJtaXNzaW9uczogIjA3NzciCiAgICAgIGVuY29kaW5nOiBiNjQKICAgICAgY29udGVudDogSXlFdlltbHVMMkpoYzJnS2MyeGxaWEFnTVRnd0NuTjFaRzhnWVhCMElHbHVjM1JoYkd3Z2JtVjBMWFJ2YjJ4ekNuTjFaRzhnWTNWeWJDQm9kSFJ3Y3pvdkwzSmxiR1ZoYzJWekxuSmhibU5vWlhJdVkyOXRMMmx1YzNSaGJHd3RaRzlqYTJWeUx6SXdMakV3TG5Ob0lId2djMmdLYzNWa2J5QjFjMlZ5Ylc5a0lDMWhSeUJrYjJOclpYSWdkV0oxYm5SMUNuTjFaRzhnYzJWa0lDMXBJQzFsSUNja1lXNWxkQzVpY21sa1oyVXVZbkpwWkdkbExXNW1MV05oYkd3dGFYQjBZV0pzWlhNOU1TY2dMMlYwWXk5emVYTmpkR3d1WTI5dVpncHpkV1J2SUhONWMyTjBiQ0F0Y0NBdlpYUmpMM041YzJOMGJDNWpiMjVtQ25OMVpHOGdhWEIwWVdKc1pYTWdMVkFnU1U1UVZWUWdRVU5EUlZCVUNuTjFaRzhnYVhCMFlXSnNaWE1nTFZBZ1QxVlVVRlZVSUVGRFEwVlFWQXB6ZFdSdklHbHdkR0ZpYkdWeklDMVFJRVpQVWxkQlVrUWdRVU5EUlZCVUNuTjFaRzhnYVhCMFlXSnNaWE1nTFVZS2FXWWdXeUFrS0dodmMzUnVZVzFsS1NBOVBTQWljbUZ1WTJobGNpMXpaWEoyWlhJaUlGMEtkR2hsYmdvZ0lITjFaRzhnWkc5amEyVnlJSEoxYmlBdFpDQXRMWEpsYzNSaGNuUTlkVzVzWlhOekxYTjBiM0J3WldRZ0xYQWdPREE2T0RBZ0xYQWdORFF6T2pRME15QXRkaUF2YjNCMEwzSmhibU5vWlhJNkwzWmhjaTlzYVdJdmNtRnVZMmhsY2lBdExYQnlhWFpwYkdWblpXUWdjbUZ1WTJobGNpOXlZVzVqYUdWeU9teGhkR1Z6ZEFwbWFRcHpkV1J2SUhKdElDMXlaaUF2YUc5dFpTOTFZblZ1ZEhVdmMyVjBkWEF1YzJnPQoKcnVuY21kOgogLSBiYXNoIC4vaG9tZS91YnVudHUvc2V0dXAuc2gK"
            },
            "platform_config": [],
            "preemptible_instance_config": [],
            "preserve_boot_volume": false,
            "private_ip": "10.0.0.163",
            "public_ip": "150.230.66.192",
            "region": "sa-saopaulo-1",
            "shape": "VM.Standard.E3.Flex",
            "shape_config": [
              {
                "baseline_ocpu_utilization": "",
                "gpu_description": "",
                "gpus": 0,
                "local_disk_description": "",
                "local_disks": 0,
                "local_disks_total_size_in_gbs": 0,
                "max_vnic_attachments": 4,
                "memory_in_gbs": 8,
                "networking_bandwidth_in_gbps": 4,
                "nvmes": 0,
                "ocpus": 4,
                "processor_description": "2.25 GHz AMD EPYC™ 7742 (Rome)",
                "vcpus": 8
              }
            ],
            "source_details": [
              {
                "boot_volume_size_in_gbs": "50",
                "boot_volume_vpus_per_gb": "10",
                "instance_source_image_filter_details": [],
                "kms_key_id": "",
                "source_id": "ocid1.image.oc1.sa-saopaulo-1.aaaaaaaaaqqu7h5rkavka5z2343l64qdfp445c6wyfbmvrphmoy4377xa4aa",
                "source_type": "image"
              }
            ],
            "state": "RUNNING",
            "subnet_id": "ocid1.subnet.oc1.sa-saopaulo-1.aaaaaaaamtlphhnbskdgzrusk5af4agz4htyfdxdhrdwi2co4cctmhbbnhpa",
            "system_tags": {},
            "time_created": "2023-11-24 23:12:56.952 +0000 UTC",
            "time_maintenance_reboot_due": "",
            "timeouts": null,
            "update_operation_constraint": null
          },
          "sensitive_attributes": [],
          "private": "eyJlMmJmYjczMC1lY2FhLTExZTYtOGY4OC0zNDM2M2JjN2M0YzAiOnsiY3JlYXRlIjoyNzAwMDAwMDAwMDAwLCJkZWxldGUiOjQ1MDAwMDAwMDAwMDAsInVwZGF0ZSI6MjcwMDAwMDAwMDAwMH19",
          "dependencies": [
            "data.oci_identity_availability_domains.ads",
            "data.template_file.cloud-config"
          ]
        },
        {
          "index_key": 2,
          "schema_version": 0,
          "attributes": {
            "agent_config": [
              {
                "are_all_plugins_disabled": false,
                "is_management_disabled": false,
                "is_monitoring_disabled": false,
                "plugins_config": []
              }
            ],
            "async": null,
            "availability_config": [
              {
                "is_live_migration_preferred": false,
                "recovery_action": "RESTORE_INSTANCE"
              }
            ],
            "availability_domain": "otyN:SA-SAOPAULO-1-AD-1",
            "boot_volume_id": "ocid1.bootvolume.oc1.sa-saopaulo-1.abtxeljrwxcrsquk3s4ylhz7xfowfz5tlv4uxn2kuc2uh2pido5dwruf2n4a",
            "capacity_reservation_id": null,
            "compartment_id": "ocid1.compartment.oc1..aaaaaaaanfutlss2ndwqusftp5yz3g2oaxgf3zvbzsbxc2n4a5aq3nrlynsa",
            "compute_cluster_id": null,
            "create_vnic_details": [
              {
                "assign_ipv6ip": false,
                "assign_private_dns_record": false,
                "assign_public_ip": "true",
                "defined_tags": {
                  "Oracle-Tags.CreatedBy": "default/leandrolsnr@gmail.com",
                  "Oracle-Tags.CreatedOn": "2023-11-24T23:12:56.677Z"
                },
                "display_name": "k8s-2",
                "freeform_tags": {},
                "hostname_label": "k8s-2",
                "ipv6address_ipv6subnet_cidr_pair_details": [],
                "nsg_ids": [],
                "private_ip": "10.0.0.26",
                "skip_source_dest_check": false,
                "subnet_id": "ocid1.subnet.oc1.sa-saopaulo-1.aaaaaaaamtlphhnbskdgzrusk5af4agz4htyfdxdhrdwi2co4cctmhbbnhpa",
                "vlan_id": ""
              }
            ],
            "dedicated_vm_host_id": null,
            "defined_tags": {
              "Oracle-Tags.CreatedBy": "default/leandrolsnr@gmail.com",
              "Oracle-Tags.CreatedOn": "2023-11-24T23:12:56.577Z"
            },
            "display_name": "k8s-2",
            "extended_metadata": {},
            "fault_domain": "FAULT-DOMAIN-2",
            "freeform_tags": {},
            "hostname_label": "k8s-2",
            "id": "ocid1.instance.oc1.sa-saopaulo-1.antxeljrywwesnacdakmdmneecvmjlsab5yxokirqbgiw7ae2hejmviat3ra",
            "image": "ocid1.image.oc1.sa-saopaulo-1.aaaaaaaaaqqu7h5rkavka5z2343l64qdfp445c6wyfbmvrphmoy4377xa4aa",
            "instance_configuration_id": null,
            "instance_options": [
              {
                "are_legacy_imds_endpoints_disabled": false
              }
            ],
            "ipxe_script": null,
            "is_cross_numa_node": false,
            "is_pv_encryption_in_transit_enabled": null,
            "launch_mode": "PARAVIRTUALIZED",
            "launch_options": [
              {
                "boot_volume_type": "PARAVIRTUALIZED",
                "firmware": "UEFI_64",
                "is_consistent_volume_naming_enabled": true,
                "is_pv_encryption_in_transit_enabled": false,
                "network_type": "PARAVIRTUALIZED",
                "remote_data_volume_type": "PARAVIRTUALIZED"
              }
            ],
            "metadata": {
              "ssh_authorized_keys": "ssh-rsa AAAAB3NzaC1yc2EAAAADAQABAAABgQCmMRGj3f+fwqjkkw2kfC9WC/clfC8oJkdPOOfU055Q6HmMrYRCZ77MRS6NoLjnon2RvA9MXebCko8hBuX1/75LN3CnXesqysuHjcwg8Ee5rMHopORX6ikx/XanNCRx1rLM1Gx7eD5TqIg5PyxIGDmJZqIqkFHhnZk5nPpnOZJXhhX4QAfZnpPiIo3XHWeC3YwUzeC+PFAU3fD0Rznttua930dXzm6bI3ft7SjBtD5xqWv3pgzAy3/6yzNMsjA2KPOM9UHHVUwUEbO13HRBOrqZdvCQG106gjYrRtvir0Q86PlpxhZhUbpS/oUISJnlXzYhT6HXSoew9j/dn7DDUxNzw6sa5moUKLIbkTBAxNjOKbJho1NIlqoSXio4SZqN5LoNA0z5ALsVdPliPd0ZYpMHw/QvgkS+BZtgUa5w19Max3oove8i26zCyxBaBVfQk4XKVt/kjrEo7Dwt+ukw62YJp1LcovkuYyzLOxCfBBrSCHNfQ7APoYW3QfENzyP7aTk= .ronsal@Leandros-iMac-Pro.local\n",
              "user_data": "I2Nsb3VkLWNvbmZpZwoKd3JpdGVfZmlsZXM6CiAgLSAgIHBhdGg6IC9ob21lL3VidW50dS9zZXR1cC5zaAogICAgICBwZXJtaXNzaW9uczogIjA3NzciCiAgICAgIGVuY29kaW5nOiBiNjQKICAgICAgY29udGVudDogSXlFdlltbHVMMkpoYzJnS2MyeGxaWEFnTVRnd0NuTjFaRzhnWVhCMElHbHVjM1JoYkd3Z2JtVjBMWFJ2YjJ4ekNuTjFaRzhnWTNWeWJDQm9kSFJ3Y3pvdkwzSmxiR1ZoYzJWekxuSmhibU5vWlhJdVkyOXRMMmx1YzNSaGJHd3RaRzlqYTJWeUx6SXdMakV3TG5Ob0lId2djMmdLYzNWa2J5QjFjMlZ5Ylc5a0lDMWhSeUJrYjJOclpYSWdkV0oxYm5SMUNuTjFaRzhnYzJWa0lDMXBJQzFsSUNja1lXNWxkQzVpY21sa1oyVXVZbkpwWkdkbExXNW1MV05oYkd3dGFYQjBZV0pzWlhNOU1TY2dMMlYwWXk5emVYTmpkR3d1WTI5dVpncHpkV1J2SUhONWMyTjBiQ0F0Y0NBdlpYUmpMM041YzJOMGJDNWpiMjVtQ25OMVpHOGdhWEIwWVdKc1pYTWdMVkFnU1U1UVZWUWdRVU5EUlZCVUNuTjFaRzhnYVhCMFlXSnNaWE1nTFZBZ1QxVlVVRlZVSUVGRFEwVlFWQXB6ZFdSdklHbHdkR0ZpYkdWeklDMVFJRVpQVWxkQlVrUWdRVU5EUlZCVUNuTjFaRzhnYVhCMFlXSnNaWE1nTFVZS2FXWWdXeUFrS0dodmMzUnVZVzFsS1NBOVBTQWljbUZ1WTJobGNpMXpaWEoyWlhJaUlGMEtkR2hsYmdvZ0lITjFaRzhnWkc5amEyVnlJSEoxYmlBdFpDQXRMWEpsYzNSaGNuUTlkVzVzWlhOekxYTjBiM0J3WldRZ0xYQWdPREE2T0RBZ0xYQWdORFF6T2pRME15QXRkaUF2YjNCMEwzSmhibU5vWlhJNkwzWmhjaTlzYVdJdmNtRnVZMmhsY2lBdExYQnlhWFpwYkdWblpXUWdjbUZ1WTJobGNpOXlZVzVqYUdWeU9teGhkR1Z6ZEFwbWFRcHpkV1J2SUhKdElDMXlaaUF2YUc5dFpTOTFZblZ1ZEhVdmMyVjBkWEF1YzJnPQoKcnVuY21kOgogLSBiYXNoIC4vaG9tZS91YnVudHUvc2V0dXAuc2gK"
            },
            "platform_config": [],
            "preemptible_instance_config": [],
            "preserve_boot_volume": false,
            "private_ip": "10.0.0.26",
            "public_ip": "140.238.190.131",
            "region": "sa-saopaulo-1",
            "shape": "VM.Standard.E3.Flex",
            "shape_config": [
              {
                "baseline_ocpu_utilization": "",
                "gpu_description": "",
                "gpus": 0,
                "local_disk_description": "",
                "local_disks": 0,
                "local_disks_total_size_in_gbs": 0,
                "max_vnic_attachments": 4,
                "memory_in_gbs": 8,
                "networking_bandwidth_in_gbps": 4,
                "nvmes": 0,
                "ocpus": 4,
                "processor_description": "2.25 GHz AMD EPYC™ 7742 (Rome)",
                "vcpus": 8
              }
            ],
            "source_details": [
              {
                "boot_volume_size_in_gbs": "50",
                "boot_volume_vpus_per_gb": "10",
                "instance_source_image_filter_details": [],
                "kms_key_id": "",
                "source_id": "ocid1.image.oc1.sa-saopaulo-1.aaaaaaaaaqqu7h5rkavka5z2343l64qdfp445c6wyfbmvrphmoy4377xa4aa",
                "source_type": "image"
              }
            ],
            "state": "RUNNING",
            "subnet_id": "ocid1.subnet.oc1.sa-saopaulo-1.aaaaaaaamtlphhnbskdgzrusk5af4agz4htyfdxdhrdwi2co4cctmhbbnhpa",
            "system_tags": {},
            "time_created": "2023-11-24 23:12:57.005 +0000 UTC",
            "time_maintenance_reboot_due": "",
            "timeouts": null,
            "update_operation_constraint": null
          },
          "sensitive_attributes": [],
          "private": "eyJlMmJmYjczMC1lY2FhLTExZTYtOGY4OC0zNDM2M2JjN2M0YzAiOnsiY3JlYXRlIjoyNzAwMDAwMDAwMDAwLCJkZWxldGUiOjQ1MDAwMDAwMDAwMDAsInVwZGF0ZSI6MjcwMDAwMDAwMDAwMH19",
          "dependencies": [
            "data.oci_identity_availability_domains.ads",
            "data.template_file.cloud-config"
          ]
        }
      ]
    },
    {
      "mode": "managed",
      "type": "oci_dns_rrset",
      "name": "nodes",
      "provider": "provider[\"registry.terraform.io/hashicorp/oci\"]",
      "instances": [
        {
          "index_key": 0,
          "schema_version": 0,
          "attributes": {
            "compartment_id": null,
            "domain": "*.rancher.ronsal.com.br",
            "id": "zoneNameOrId/ocid1.dns-zone.oc1..aaaaaaaalglnlvvuizbyt22ir2wbrsx37w2zdktwdzymixn7gzjptbelwnja/domain/%2A.rancher.ronsal.com.br/rtype/A",
            "items": [
              {
                "domain": "*.rancher.ronsal.com.br",
                "is_protected": false,
                "rdata": "140.238.190.131",
                "record_hash": "e6c715395804768a656c4b414e84f934",
                "rrset_version": "75",
                "rtype": "A",
                "ttl": 3600
              },
              {
                "domain": "*.rancher.ronsal.com.br",
                "is_protected": false,
                "rdata": "150.230.66.192",
                "record_hash": "5de54215f99128e6bf0525fd12cacd04",
                "rrset_version": "75",
                "rtype": "A",
                "ttl": 3600
              }
            ],
            "rtype": "A",
            "scope": null,
            "timeouts": null,
            "view_id": null,
            "zone_name_or_id": "ocid1.dns-zone.oc1..aaaaaaaalglnlvvuizbyt22ir2wbrsx37w2zdktwdzymixn7gzjptbelwnja"
          },
          "sensitive_attributes": [],
          "private": "eyJlMmJmYjczMC1lY2FhLTExZTYtOGY4OC0zNDM2M2JjN2M0YzAiOnsiY3JlYXRlIjoxMjAwMDAwMDAwMDAwLCJkZWxldGUiOjEyMDAwMDAwMDAwMDAsInVwZGF0ZSI6MTIwMDAwMDAwMDAwMH19",
          "dependencies": [
            "data.oci_identity_availability_domains.ads",
            "data.template_file.cloud-config",
            "oci_core_instance.ubuntu_instance",
            "oci_dns_rrset.rancher_server"
          ]
        }
      ]
    },
    {
      "mode": "managed",
      "type": "oci_dns_rrset",
      "name": "rancher_server",
      "provider": "provider[\"registry.terraform.io/hashicorp/oci\"]",
      "instances": [
        {
          "schema_version": 0,
          "attributes": {
            "compartment_id": "ocid1.compartment.oc1..aaaaaaaanfutlss2ndwqusftp5yz3g2oaxgf3zvbzsbxc2n4a5aq3nrlynsa",
            "domain": "rancher.ronsal.com.br",
            "id": "zoneNameOrId/ocid1.dns-zone.oc1..aaaaaaaalglnlvvuizbyt22ir2wbrsx37w2zdktwdzymixn7gzjptbelwnja/domain/rancher.ronsal.com.br/rtype/A",
            "items": [
              {
                "domain": "rancher.ronsal.com.br",
                "is_protected": false,
                "rdata": "129.159.62.221",
                "record_hash": "41c276bf5c742f68c879e5c174cde246",
                "rrset_version": "74",
                "rtype": "A",
                "ttl": 3600
              }
            ],
            "rtype": "A",
            "scope": null,
            "timeouts": null,
            "view_id": null,
            "zone_name_or_id": "ocid1.dns-zone.oc1..aaaaaaaalglnlvvuizbyt22ir2wbrsx37w2zdktwdzymixn7gzjptbelwnja"
          },
          "sensitive_attributes": [],
          "private": "eyJlMmJmYjczMC1lY2FhLTExZTYtOGY4OC0zNDM2M2JjN2M0YzAiOnsiY3JlYXRlIjoxMjAwMDAwMDAwMDAwLCJkZWxldGUiOjEyMDAwMDAwMDAwMDAsInVwZGF0ZSI6MTIwMDAwMDAwMDAwMH19",
          "dependencies": [
            "data.oci_identity_availability_domains.ads",
            "data.template_file.cloud-config",
            "oci_core_instance.ubuntu_instance"
          ]
        }
      ]
    }
  ],
  "check_results": null
}
